{
  "name": "Defect_comp",
  "lockfileVersion": 3,
  "requires": true,
  "packages": {
    "": {
      "devDependencies": {
        "@types/content-disposition": "^0.5.9",
        "@types/mime-types": "^3.0.1"
      }
    },
    "node_modules/@types/content-disposition": {
      "version": "0.5.9",
      "resolved": "https://registry.npmjs.org/@types/content-disposition/-/content-disposition-0.5.9.tgz",
      "integrity": "sha512-8uYXI3Gw35MhiVYhG3s295oihrxRyytcRHjSjqnqZVDDy/xcGBRny7+Xj1Wgfhv5QzRtN2hB2dVRBUX9XW3UcQ==",
      "dev": true,
      "license": "MIT"
    },
    "node_modules/@types/mime-types": {
      "version": "3.0.1",
      "resolved": "https://registry.npmjs.org/@types/mime-types/-/mime-types-3.0.1.tgz",
      "integrity": "sha512-xRMsfuQbnRq1Ef+C+RKaENOxXX87Ygl38W1vDfPHRku02TgQr+Qd8iivLtAMcR0KF5/29xlnFihkTlbqFrGOVQ==",
      "dev": true,
      "license": "MIT"
    }
  }
}
